
Microsoft Visual Studio Solution File, Format Version 12.00
# Visual Studio 15
VisualStudioVersion = 15.0.28010.2050
MinimumVisualStudioVersion = 10.0.40219.1
Project("{FAE04EC0-301F-11D3-BF4B-00C04F79EFBC}") = "Exercice1", "Exercice1\Exercice1.csproj", "{4C21CE0A-E254-4232-AC7C-FA8633929D40}"
EndProject
Project("{FAE04EC0-301F-11D3-BF4B-00C04F79EFBC}") = "Exercice2", "Exercice2\Exercice2.csproj", "{C7F41DE0-872A-4B6E-A231-BF8DCF620118}"
EndProject
Project("{FAE04EC0-301F-11D3-BF4B-00C04F79EFBC}") = "Exercice3", "Exercice3\Exercice3.csproj", "{A73BC87E-45F0-4540-9F46-013C2F36D6C1}"
EndProject
Project("{FAE04EC0-301F-11D3-BF4B-00C04F79EFBC}") = "Exercice4", "Exercice4\Exercice4.csproj", "{59E0128D-35B9-4532-9E38-F9A45F51D62E}"
EndProject
Project("{FAE04EC0-301F-11D3-BF4B-00C04F79EFBC}") = "Exercice5", "Exercice5\Exercice5.csproj", "{F68C613D-ADBC-425A-9E57-D8FD8270A3B8}"
EndProject
Project("{FAE04EC0-301F-11D3-BF4B-00C04F79EFBC}") = "Exercice06", "Exercice06\Exercice06.csproj", "{D6A52C0D-484F-4D6C-9864-9FBE02A5ED90}"
EndProject
Project("{FAE04EC0-301F-11D3-BF4B-00C04F79EFBC}") = "Exercice7", "Exercice7\Exercice7.csproj", "{9ABA776B-5002-4953-8F77-1F48C9999046}"
EndProject
Project("{FAE04EC0-301F-11D3-BF4B-00C04F79EFBC}") = "Exercice8", "Exercice8\Exercice8.csproj", "{DD3DE340-67F4-4CC3-A359-BC360D6376F9}"
EndProject
Global
	GlobalSection(SolutionConfigurationPlatforms) = preSolution
		Debug|Any CPU = Debug|Any CPU
		Release|Any CPU = Release|Any CPU
	EndGlobalSection
	GlobalSection(ProjectConfigurationPlatforms) = postSolution
		{4C21CE0A-E254-4232-AC7C-FA8633929D40}.Debug|Any CPU.ActiveCfg = Debug|Any CPU
		{4C21CE0A-E254-4232-AC7C-FA8633929D40}.Debug|Any CPU.Build.0 = Debug|Any CPU
		{4C21CE0A-E254-4232-AC7C-FA8633929D40}.Release|Any CPU.ActiveCfg = Release|Any CPU
		{4C21CE0A-E254-4232-AC7C-FA8633929D40}.Release|Any CPU.Build.0 = Release|Any CPU
		{C7F41DE0-872A-4B6E-A231-BF8DCF620118}.Debug|Any CPU.ActiveCfg = Debug|Any CPU
		{C7F41DE0-872A-4B6E-A231-BF8DCF620118}.Debug|Any CPU.Build.0 = Debug|Any CPU
		{C7F41DE0-872A-4B6E-A231-BF8DCF620118}.Release|Any CPU.ActiveCfg = Release|Any CPU
		{C7F41DE0-872A-4B6E-A231-BF8DCF620118}.Release|Any CPU.Build.0 = Release|Any CPU
		{A73BC87E-45F0-4540-9F46-013C2F36D6C1}.Debug|Any CPU.ActiveCfg = Debug|Any CPU
		{A73BC87E-45F0-4540-9F46-013C2F36D6C1}.Debug|Any CPU.Build.0 = Debug|Any CPU
		{A73BC87E-45F0-4540-9F46-013C2F36D6C1}.Release|Any CPU.ActiveCfg = Release|Any CPU
		{A73BC87E-45F0-4540-9F46-013C2F36D6C1}.Release|Any CPU.Build.0 = Release|Any CPU
		{59E0128D-35B9-4532-9E38-F9A45F51D62E}.Debug|Any CPU.ActiveCfg = Debug|Any CPU
		{59E0128D-35B9-4532-9E38-F9A45F51D62E}.Debug|Any CPU.Build.0 = Debug|Any CPU
		{59E0128D-35B9-4532-9E38-F9A45F51D62E}.Release|Any CPU.ActiveCfg = Release|Any CPU
		{59E0128D-35B9-4532-9E38-F9A45F51D62E}.Release|Any CPU.Build.0 = Release|Any CPU
		{F68C613D-ADBC-425A-9E57-D8FD8270A3B8}.Debug|Any CPU.ActiveCfg = Debug|Any CPU
		{F68C613D-ADBC-425A-9E57-D8FD8270A3B8}.Debug|Any CPU.Build.0 = Debug|Any CPU
		{F68C613D-ADBC-425A-9E57-D8FD8270A3B8}.Release|Any CPU.ActiveCfg = Release|Any CPU
		{F68C613D-ADBC-425A-9E57-D8FD8270A3B8}.Release|Any CPU.Build.0 = Release|Any CPU
		{D6A52C0D-484F-4D6C-9864-9FBE02A5ED90}.Debug|Any CPU.ActiveCfg = Debug|Any CPU
		{D6A52C0D-484F-4D6C-9864-9FBE02A5ED90}.Debug|Any CPU.Build.0 = Debug|Any CPU
		{D6A52C0D-484F-4D6C-9864-9FBE02A5ED90}.Release|Any CPU.ActiveCfg = Release|Any CPU
		{D6A52C0D-484F-4D6C-9864-9FBE02A5ED90}.Release|Any CPU.Build.0 = Release|Any CPU
		{9ABA776B-5002-4953-8F77-1F48C9999046}.Debug|Any CPU.ActiveCfg = Debug|Any CPU
		{9ABA776B-5002-4953-8F77-1F48C9999046}.Debug|Any CPU.Build.0 = Debug|Any CPU
		{9ABA776B-5002-4953-8F77-1F48C9999046}.Release|Any CPU.ActiveCfg = Release|Any CPU
		{9ABA776B-5002-4953-8F77-1F48C9999046}.Release|Any CPU.Build.0 = Release|Any CPU
		{DD3DE340-67F4-4CC3-A359-BC360D6376F9}.Debug|Any CPU.ActiveCfg = Debug|Any CPU
		{DD3DE340-67F4-4CC3-A359-BC360D6376F9}.Debug|Any CPU.Build.0 = Debug|Any CPU
		{DD3DE340-67F4-4CC3-A359-BC360D6376F9}.Release|Any CPU.ActiveCfg = Release|Any CPU
		{DD3DE340-67F4-4CC3-A359-BC360D6376F9}.Release|Any CPU.Build.0 = Release|Any CPU
	EndGlobalSection
	GlobalSection(SolutionProperties) = preSolution
		HideSolutionNode = FALSE
	EndGlobalSection
	GlobalSection(ExtensibilityGlobals) = postSolution
		SolutionGuid = {53154454-0A1E-4985-AE7A-A1385AD9E5BB}
	EndGlobalSection
EndGlobal
